<?xml version="1.0" encoding="utf-8"?>
<Project ToolsVersion="4.0" xmlns="http://schemas.microsoft.com/developer/msbuild/2003">
  <ItemGroup>
    <Filter Include="Source Files">
      <UniqueIdentifier>{4FC737F1-C7A5-4376-A066-2A32D752A2FF}</UniqueIdentifier>
      <Extensions>cpp;c;cc;cxx;def;odl;idl;hpj;bat;asm;asmx</Extensions>
    </Filter>
    <Filter Include="Header Files">
      <UniqueIdentifier>{93995380-89BD-4b04-88EB-625FBE52EBFB}</UniqueIdentifier>
      <Extensions>h;hh;hpp;hxx;hm;inl;inc;xsd</Extensions>
    </Filter>
    <Filter Include="Resource Files">
      <UniqueIdentifier>{D9D6E242-F8AF-46E4-B9FD-80ECBC20BA3E}</UniqueIdentifier>
      <Extensions>qrc;*</Extensions>
      <ParseFiles>false</ParseFiles>
    </Filter>
    <Filter Include="Form Files">
      <UniqueIdentifier>{99349809-55BA-4b9d-BF79-8FDBB0286EB3}</UniqueIdentifier>
      <Extensions>ui</Extensions>
    </Filter>
    <Filter Include="Resource Files">
      <UniqueIdentifier>{D9D6E242-F8AF-46E4-B9FD-80ECBC20BA3E}</UniqueIdentifier>
      <Extensions>qrc;*</Extensions>
      <ParseFiles>false</ParseFiles>
    </Filter>
    <Filter Include="Generated Files">
      <UniqueIdentifier>{71ED8ED8-ACB9-4CE9-BBE1-E00B30144E11}</UniqueIdentifier>
      <Extensions>moc;h;cpp</Extensions>
      <SourceControlFiles>False</SourceControlFiles>
    </Filter>
    <Filter Include="Generated Files\Debug">
      <UniqueIdentifier>{27dc4220-e66e-4d08-999d-df35936573d7}</UniqueIdentifier>
      <Extensions>cpp;moc</Extensions>
      <SourceControlFiles>False</SourceControlFiles>
    </Filter>
    <Filter Include="Generated Files\Release">
      <UniqueIdentifier>{141f9c25-c516-48dc-a252-967ff7d1f016}</UniqueIdentifier>
      <Extensions>cpp;moc</Extensions>
      <SourceControlFiles>False</SourceControlFiles>
    </Filter>
    <Filter Include="lyd">
      <UniqueIdentifier>{1a6a6e1d-1128-4a95-97e8-b4fe05b79676}</UniqueIdentifier>
    </Filter>
    <Filter Include="lyd\header">
      <UniqueIdentifier>{9887ee01-6edc-4ccc-8771-cec68925690e}</UniqueIdentifier>
    </Filter>
    <Filter Include="lyd\cpp">
      <UniqueIdentifier>{fc3c4734-a85f-46cb-a696-cc4f3ce01b07}</UniqueIdentifier>
    </Filter>
    <Filter Include="lyd\ui">
      <UniqueIdentifier>{e2effabc-470b-4d0f-b14a-1872ed4c9598}</UniqueIdentifier>
    </Filter>
  </ItemGroup>
  <ItemGroup>
    <ClCompile Include="main.cpp">
      <Filter>Source Files</Filter>
    </ClCompile>
    <ClCompile Include="Editor.cpp">
      <Filter>Source Files</Filter>
    </ClCompile>
    <ClCompile Include="GeneratedFiles\Debug\moc_Editor.cpp">
      <Filter>Generated Files\Debug</Filter>
    </ClCompile>
    <ClCompile Include="GeneratedFiles\Release\moc_Editor.cpp">
      <Filter>Generated Files\Release</Filter>
    </ClCompile>
    <ClCompile Include="GeneratedFiles\qrc_Editor.cpp">
      <Filter>Generated Files</Filter>
    </ClCompile>
    <ClCompile Include="GLContext.cpp">
      <Filter>lyd\cpp</Filter>
    </ClCompile>
    <ClCompile Include="Camera.cpp">
      <Filter>lyd\cpp</Filter>
    </ClCompile>
    <ClCompile Include="Scene.cpp">
      <Filter>lyd\cpp</Filter>
    </ClCompile>
    <ClCompile Include="..\..\depends\include\glew\glew.c">
      <Filter>lyd</Filter>
    </ClCompile>
    <ClCompile Include="Renderable.cpp">
      <Filter>lyd\cpp</Filter>
    </ClCompile>
    <ClCompile Include="Transform.cpp">
      <Filter>lyd\cpp</Filter>
    </ClCompile>
    <ClCompile Include="Obj.cpp">
      <Filter>lyd\cpp</Filter>
    </ClCompile>
    <ClCompile Include="FileReader.cpp">
      <Filter>lyd\cpp</Filter>
    </ClCompile>
    <ClCompile Include="Model.cpp">
      <Filter>lyd\cpp</Filter>
    </ClCompile>
    <ClCompile Include="TextureMgr.cpp">
      <Filter>lyd\cpp</Filter>
    </ClCompile>
    <ClCompile Include="ModelMgr.cpp">
      <Filter>lyd\cpp</Filter>
    </ClCompile>
    <ClCompile Include="OpenglWidget.cpp">
      <Filter>lyd\ui</Filter>
    </ClCompile>
    <ClCompile Include="GeneratedFiles\Debug\moc_OpenglWidget.cpp">
      <Filter>Generated Files\Debug</Filter>
    </ClCompile>
    <ClCompile Include="GeneratedFiles\Release\moc_OpenglWidget.cpp">
      <Filter>Generated Files\Release</Filter>
    </ClCompile>
    <ClCompile Include="ModelWidget.cpp">
      <Filter>Source Files</Filter>
    </ClCompile>
    <ClCompile Include="GeneratedFiles\Debug\moc_ModelWidget.cpp">
      <Filter>Generated Files\Debug</Filter>
    </ClCompile>
    <ClCompile Include="GeneratedFiles\Release\moc_ModelWidget.cpp">
      <Filter>Generated Files\Release</Filter>
    </ClCompile>
  </ItemGroup>
  <ItemGroup>
    <CustomBuild Include="Editor.h">
      <Filter>Header Files</Filter>
    </CustomBuild>
    <CustomBuild Include="Editor.ui">
      <Filter>Form Files</Filter>
    </CustomBuild>
    <CustomBuild Include="Editor.qrc">
      <Filter>Resource Files</Filter>
    </CustomBuild>
    <CustomBuild Include="OpenglWidget.h">
      <Filter>lyd\ui</Filter>
    </CustomBuild>
    <CustomBuild Include="ModelWidget.h">
      <Filter>Header Files</Filter>
    </CustomBuild>
  </ItemGroup>
  <ItemGroup>
    <ClInclude Include="GeneratedFiles\ui_Editor.h">
      <Filter>Generated Files</Filter>
    </ClInclude>
    <ClInclude Include="GLContext.h">
      <Filter>lyd\header</Filter>
    </ClInclude>
    <ClInclude Include="CELLMath.hpp">
      <Filter>lyd</Filter>
    </ClInclude>
    <ClInclude Include="Camera.h">
      <Filter>lyd\header</Filter>
    </ClInclude>
    <ClInclude Include="Scene.h">
      <Filter>lyd\header</Filter>
    </ClInclude>
    <ClInclude Include="Transform.h">
      <Filter>lyd\header</Filter>
    </ClInclude>
    <ClInclude Include="Renderable.h">
      <Filter>lyd\header</Filter>
    </ClInclude>
    <ClInclude Include="Obj.h">
      <Filter>lyd\header</Filter>
    </ClInclude>
    <ClInclude Include="FileSystem.h">
      <Filter>lyd\header</Filter>
    </ClInclude>
    <ClInclude Include="FileReader.h">
      <Filter>lyd\header</Filter>
    </ClInclude>
    <ClInclude Include="Model.h">
      <Filter>lyd\header</Filter>
    </ClInclude>
    <ClInclude Include="TextureMgr.h">
      <Filter>lyd\header</Filter>
    </ClInclude>
    <ClInclude Include="ModelMgr.h">
      <Filter>lyd\header</Filter>
    </ClInclude>
  </ItemGroup>
</Project>